// !$*UTF8*$!
{
	archiveVersion = 1;
	classes = {
	};
	objectVersion = 50;
	objects = {

/* Begin PBXBuildFile section */
		AB8BD23F20B3E7E3001737F7 /* AppDelegate.swift in Sources */ = {isa = PBXBuildFile; fileRef = AB8BD23E20B3E7E3001737F7 /* AppDelegate.swift */; };
		AB8BD24120B3E7E3001737F7 /* ViewController.swift in Sources */ = {isa = PBXBuildFile; fileRef = AB8BD24020B3E7E3001737F7 /* ViewController.swift */; };
		AB8BD24420B3E7E3001737F7 /* Main.storyboard in Resources */ = {isa = PBXBuildFile; fileRef = AB8BD24220B3E7E3001737F7 /* Main.storyboard */; };
		AB8BD24620B3E7E4001737F7 /* Assets.xcassets in Resources */ = {isa = PBXBuildFile; fileRef = AB8BD24520B3E7E4001737F7 /* Assets.xcassets */; };
		AB8BD24920B3E7E4001737F7 /* LaunchScreen.storyboard in Resources */ = {isa = PBXBuildFile; fileRef = AB8BD24720B3E7E4001737F7 /* LaunchScreen.storyboard */; };
		AB8BD25120B3ECCE001737F7 /* CustomTableViewCell.swift in Sources */ = {isa = PBXBuildFile; fileRef = AB8BD25020B3ECCE001737F7 /* CustomTableViewCell.swift */; };
		AB8BD25320B3EEFF001737F7 /* ImageAssetNames.swift in Sources */ = {isa = PBXBuildFile; fileRef = AB8BD25220B3EEFF001737F7 /* ImageAssetNames.swift */; };
		AB8BD25520B3FF16001737F7 /* ArrayExtension.swift in Sources */ = {isa = PBXBuildFile; fileRef = AB8BD25420B3FF16001737F7 /* ArrayExtension.swift */; };
		AB8BD25720B42155001737F7 /* BarButtonExtension.swift in Sources */ = {isa = PBXBuildFile; fileRef = AB8BD25620B42155001737F7 /* BarButtonExtension.swift */; };
/* End PBXBuildFile section */

/* Begin PBXFileReference section */
		AB8BD23B20B3E7E3001737F7 /* TableViewExercise.app */ = {isa = PBXFileReference; explicitFileType = wrapper.application; includeInIndex = 0; path = TableViewExercise.app; sourceTree = BUILT_PRODUCTS_DIR; };
		AB8BD23E20B3E7E3001737F7 /* AppDelegate.swift */ = {isa = PBXFileReference; lastKnownFileType = sourcecode.swift; path = AppDelegate.swift; sourceTree = "<group>"; };
		AB8BD24020B3E7E3001737F7 /* ViewController.swift */ = {isa = PBXFileReference; lastKnownFileType = sourcecode.swift; path = ViewController.swift; sourceTree = "<group>"; };
		AB8BD24320B3E7E3001737F7 /* Base */ = {isa = PBXFileReference; lastKnownFileType = file.storyboard; name = Base; path = Base.lproj/Main.storyboard; sourceTree = "<group>"; };
		AB8BD24520B3E7E4001737F7 /* Assets.xcassets */ = {isa = PBXFileReference; lastKnownFileType = folder.assetcatalog; path = Assets.xcassets; sourceTree = "<group>"; };
		AB8BD24820B3E7E4001737F7 /* Base */ = {isa = PBXFileReference; lastKnownFileType = file.storyboard; name = Base; path = Base.lproj/LaunchScreen.storyboard; sourceTree = "<group>"; };
		AB8BD24A20B3E7E4001737F7 /* Info.plist */ = {isa = PBXFileReference; lastKnownFileType = text.plist.xml; path = Info.plist; sourceTree = "<group>"; };
		AB8BD25020B3ECCE001737F7 /* CustomTableViewCell.swift */ = {isa = PBXFileReference; lastKnownFileType = sourcecode.swift; path = CustomTableViewCell.swift; sourceTree = "<group>"; };
		AB8BD25220B3EEFF001737F7 /* ImageAssetNames.swift */ = {isa = PBXFileReference; lastKnownFileType = sourcecode.swift; path = ImageAssetNames.swift; sourceTree = "<group>"; };
		AB8BD25420B3FF16001737F7 /* ArrayExtension.swift */ = {isa = PBXFileReference; lastKnownFileType = sourcecode.swift; path = ArrayExtension.swift; sourceTree = "<group>"; };
		AB8BD25620B42155001737F7 /* BarButtonExtension.swift */ = {isa = PBXFileReference; lastKnownFileType = sourcecode.swift; path = BarButtonExtension.swift; sourceTree = "<group>"; };
/* End PBXFileReference section */

/* Begin PBXFrameworksBuildPhase section */
		AB8BD23820B3E7E3001737F7 /* Frameworks */ = {
			isa = PBXFrameworksBuildPhase;
			buildActionMask = 2147483647;
			files = (
			);
			runOnlyForDeploymentPostprocessing = 0;
		};
/* End PBXFrameworksBuildPhase section */

/* Begin PBXGroup section */
		AB8BD23220B3E7E3001737F7 = {
			isa = PBXGroup;
			children = (
				AB8BD23D20B3E7E3001737F7 /* TableViewExercise */,
				AB8BD23C20B3E7E3001737F7 /* Products */,
			);
			sourceTree = "<group>";
		};
		AB8BD23C20B3E7E3001737F7 /* Products */ = {
			isa = PBXGroup;
			children = (
				AB8BD23B20B3E7E3001737F7 /* TableViewExercise.app */,
			);
			name = Products;
			sourceTree = "<group>";
		};
		AB8BD23D20B3E7E3001737F7 /* TableViewExercise */ = {
			isa = PBXGroup;
			children = (
				AB8BD23E20B3E7E3001737F7 /* AppDelegate.swift */,
				AB8BD24520B3E7E4001737F7 /* Assets.xcassets */,
				AB8BD24A20B3E7E4001737F7 /* Info.plist */,
				AB8BD25B20B42AFC001737F7 /* Controllers */,
				AB8BD25A20B42AE9001737F7 /* View */,
				AB8BD25920B42ADF001737F7 /* Constants */,
				AB8BD25820B42ACD001737F7 /* Extensions */,
			);
			path = TableViewExercise;
			sourceTree = "<group>";
		};
		AB8BD25820B42ACD001737F7 /* Extensions */ = {
			isa = PBXGroup;
			children = (
				AB8BD25420B3FF16001737F7 /* ArrayExtension.swift */,
				AB8BD25620B42155001737F7 /* BarButtonExtension.swift */,
			);
			path = Extensions;
			sourceTree = "<group>";
		};
		AB8BD25920B42ADF001737F7 /* Constants */ = {
			isa = PBXGroup;
			children = (
				AB8BD25220B3EEFF001737F7 /* ImageAssetNames.swift */,
			);
			path = Constants;
			sourceTree = "<group>";
		};
		AB8BD25A20B42AE9001737F7 /* View */ = {
			isa = PBXGroup;
			children = (
				AB8BD24220B3E7E3001737F7 /* Main.storyboard */,
				AB8BD24720B3E7E4001737F7 /* LaunchScreen.storyboard */,
			);
			path = View;
			sourceTree = "<group>";
		};
		AB8BD25B20B42AFC001737F7 /* Controllers */ = {
			isa = PBXGroup;
			children = (
				AB8BD24020B3E7E3001737F7 /* ViewController.swift */,
				AB8BD25020B3ECCE001737F7 /* CustomTableViewCell.swift */,
			);
			path = Controllers;
			sourceTree = "<group>";
		};
/* End PBXGroup section */

/* Begin PBXNativeTarget section */
		AB8BD23A20B3E7E3001737F7 /* TableViewExercise */ = {
			isa = PBXNativeTarget;
			buildConfigurationList = AB8BD24D20B3E7E4001737F7 /* Build configuration list for PBXNativeTarget "TableViewExercise" */;
			buildPhases = (
				AB8BD23720B3E7E3001737F7 /* Sources */,
				AB8BD23820B3E7E3001737F7 /* Frameworks */,
				AB8BD23920B3E7E3001737F7 /* Resources */,
			);
			buildRules = (
			);
			dependencies = (
			);
			name = TableViewExercise;
			productName = TableViewExercise;
			productReference = AB8BD23B20B3E7E3001737F7 /* TableViewExercise.app */;
			productType = "com.apple.product-type.application";
		};
/* End PBXNativeTarget section */

/* Begin PBXProject section */
		AB8BD23320B3E7E3001737F7 /* Project object */ = {
			isa = PBXProject;
			attributes = {
				LastSwiftUpdateCheck = 0930;
				LastUpgradeCheck = 0930;
				ORGANIZATIONNAME = "Prateek Sharma";
				TargetAttributes = {
					AB8BD23A20B3E7E3001737F7 = {
						CreatedOnToolsVersion = 9.3;
					};
				};
			};
			buildConfigurationList = AB8BD23620B3E7E3001737F7 /* Build configuration list for PBXProject "TableViewExercise" */;
			compatibilityVersion = "Xcode 9.3";
			developmentRegion = en;
			hasScannedForEncodings = 0;
			knownRegions = (
				en,
				Base,
			);
			mainGroup = AB8BD23220B3E7E3001737F7;
			productRefGroup = AB8BD23C20B3E7E3001737F7 /* Products */;
			projectDirPath = "";
			projectRoot = "";
			targets = (
				AB8BD23A20B3E7E3001737F7 /* TableViewExercise */,
			);
		};
/* End PBXProject section */

/* Begin PBXResourcesBuildPhase section */
		AB8BD23920B3E7E3001737F7 /* Resources */ = {
			isa = PBXResourcesBuildPhase;
			buildActionMask = 2147483647;
			files = (
				AB8BD24920B3E7E4001737F7 /* LaunchScreen.storyboard in Resources */,
				AB8BD24620B3E7E4001737F7 /* Assets.xcassets in Resources */,
				AB8BD24420B3E7E3001737F7 /* Main.storyboard in Resources */,
			);
			runOnlyForDeploymentPostprocessing = 0;
		};
/* End PBXResourcesBuildPhase section */

/* Begin PBXSourcesBuildPhase section */
		AB8BD23720B3E7E3001737F7 /* Sources */ = {
			isa = PBXSourcesBuildPhase;
			buildActionMask = 2147483647;
			files = (
				AB8BD25520B3FF16001737F7 /* ArrayExtension.swift in Sources */,
				AB8BD25120B3ECCE001737F7 /* CustomTableViewCell.swift in Sources */,
				AB8BD24120B3E7E3001737F7 /* ViewController.swift in Sources */,
				AB8BD25720B42155001737F7 /* BarButtonExtension.swift in Sources */,
				AB8BD23F20B3E7E3001737F7 /* AppDelegate.swift in Sources */,
				AB8BD25320B3EEFF001737F7 /* ImageAssetNames.swift in Sources */,
			);
			runOnlyForDeploymentPostprocessing = 0;
		};
/* End PBXSourcesBuildPhase section */

/* Begin PBXVariantGroup section */
		AB8BD24220B3E7E3001737F7 /* Main.storyboard */ = {
			isa = PBXVariantGroup;
			children = (
				AB8BD24320B3E7E3001737F7 /* Base */,
			);
			name = Main.storyboard;
			sourceTree = "<group>";
		};
		AB8BD24720B3E7E4001737F7 /* LaunchScreen.storyboard */ = {
			isa = PBXVariantGroup;
			children = (
				AB8BD24820B3E7E4001737F7 /* Base */,
			);
			name = LaunchScreen.storyboard;
			sourceTree = "<group>";
		};
/* End PBXVariantGroup section */

/* Begin XCBuildConfiguration section */
		AB8BD24B20B3E7E4001737F7 /* Debug */ = {
			isa = XCBuildConfiguration;
			buildSettings = {
				ALWAYS_SEARCH_USER_PATHS = NO;
				CLANG_ANALYZER_NONNULL = YES;
				CLANG_ANALYZER_NUMBER_OBJECT_CONVERSION = YES_AGGRESSIVE;
				CLANG_CXX_LANGUAGE_STANDARD = "gnu++14";
				CLANG_CXX_LIBRARY = "libc++";
				CLANG_ENABLE_MODULES = YES;
				CLANG_ENABLE_OBJC_ARC = YES;
				CLANG_ENABLE_OBJC_WEAK = YES;
				CLANG_WARN_BLOCK_CAPTURE_AUTORELEASING = YES;
				CLANG_WARN_BOOL_CONVERSION = YES;
				CLANG_WARN_COMMA = YES;
				CLANG_WARN_CONSTANT_CONVERSION = YES;
				CLANG_WARN_DEPRECATED_OBJC_IMPLEMENTATIONS = YES;
				CLANG_WARN_DIRECT_OBJC_ISA_USAGE = YES_ERROR;
				CLANG_WARN_DOCUMENTATION_COMMENTS = YES;
				CLANG_WARN_EMPTY_BODY = YES;
				CLANG_WARN_ENUM_CONVERSION = YES;
				CLANG_WARN_INFINITE_RECURSION = YES;
				CLANG_WARN_INT_CONVERSION = YES;
				CLANG_WARN_NON_LITERAL_NULL_CONVERSION = YES;
				CLANG_WARN_OBJC_IMPLICIT_RETAIN_SELF = YES;
				CLANG_WARN_OBJC_LITERAL_CONVERSION = YES;
				CLANG_WARN_OBJC_ROOT_CLASS = YES_ERROR;
				CLANG_WARN_RANGE_LOOP_ANALYSIS = YES;
				CLANG_WARN_STRICT_PROTOTYPES = YES;
				CLANG_WARN_SUSPICIOUS_MOVE = YES;
				CLANG_WARN_UNGUARDED_AVAILABILITY = YES_AGGRESSIVE;
				CLANG_WARN_UNREACHABLE_CODE = YES;
				CLANG_WARN__DUPLICATE_METHOD_MATCH = YES;
				CODE_SIGN_IDENTITY = "iPhone Developer";
				COPY_PHASE_STRIP = NO;
				DEBUG_INFORMATION_FORMAT = dwarf;
				ENABLE_STRICT_OBJC_MSGSEND = YES;
				ENABLE_TESTABILITY = YES;
				GCC_C_LANGUAGE_STANDARD = gnu11;
				GCC_DYNAMIC_NO_PIC = NO;
				GCC_NO_COMMON_BLOCKS = YES;
				GCC_OPTIMIZATION_LEVEL = 0;
				GCC_PREPROCESSOR_DEFINITIONS = (
					"DEBUG=1",
					"$(inherited)",
				);
				GCC_WARN_64_TO_32_BIT_CONVERSION = YES;
				GCC_WARN_ABOUT_RETURN_TYPE = YES_ERROR;
				GCC_WARN_UNDECLARED_SELECTOR = YES;
				GCC_WARN_UNINITIALIZED_AUTOS = YES_AGGRESSIVE;
				GCC_WARN_UNUSED_FUNCTION = YES;
				GCC_WARN_UNUSED_VARIABLE = YES;
				IPHONEOS_DEPLOYMENT_TARGET = 11.3;
				MTL_ENABLE_DEBUG_INFO = YES;
				ONLY_ACTIVE_ARCH = YES;
				SDKROOT = iphoneos;
				SWIFT_ACTIVE_COMPILATION_CONDITIONS = DEBUG;
				SWIFT_OPTIMIZATION_LEVEL = "-Onone";
			};
			name = Debug;
		};
		AB8BD24C20B3E7E4001737F7 /* Release */ = {
			isa = XCBuildConfiguration;
			buildSettings = {
				ALWAYS_SEARCH_USER_PATHS = NO;
				CLANG_ANALYZER_NONNULL = YES;
				CLANG_ANALYZER_NUMBER_OBJECT_CONVERSION = YES_AGGRESSIVE;
				CLANG_CXX_LANGUAGE_STANDARD = "gnu++14";
				CLANG_CXX_LIBRARY = "libc++";
				CLANG_ENABLE_MODULES = YES;
				CLANG_ENABLE_OBJC_ARC = YES;
				CLANG_ENABLE_OBJC_WEAK = YES;
				CLANG_WARN_BLOCK_CAPTURE_AUTORELEASING = YES;
				CLANG_WARN_BOOL_CONVERSION = YES;
				CLANG_WARN_COMMA = YES;
				CLANG_WARN_CONSTANT_CONVERSION = YES;
				CLANG_WARN_DEPRECATED_OBJC_IMPLEMENTATIONS = YES;
				CLANG_WARN_DIRECT_OBJC_ISA_USAGE = YES_ERROR;
				CLANG_WARN_DOCUMENTATION_COMMENTS = YES;
				CLANG_WARN_EMPTY_BODY = YES;
				CLANG_WARN_ENUM_CONVERSION = YES;
				CLANG_WARN_INFINITE_RECURSION = YES;
				CLANG_WARN_INT_CONVERSION = YES;
				CLANG_WARN_NON_LITERAL_NULL_CONVERSION = YES;
				CLANG_WARN_OBJC_IMPLICIT_RETAIN_SELF = YES;
				CLANG_WARN_OBJC_LITERAL_CONVERSION = YES;
				CLANG_WARN_OBJC_ROOT_CLASS = YES_ERROR;
				CLANG_WARN_RANGE_LOOP_ANALYSIS = YES;
				CLANG_WARN_STRICT_PROTOTYPES = YES;
				CLANG_WARN_SUSPICIOUS_MOVE = YES;
				CLANG_WARN_UNGUARDED_AVAILABILITY = YES_AGGRESSIVE;
				CLANG_WARN_UNREACHABLE_CODE = YES;
				CLANG_WARN__DUPLICATE_METHOD_MATCH = YES;
				CODE_SIGN_IDENTITY = "iPhone Developer";
				COPY_PHASE_STRIP = NO;
				DEBUG_INFORMATION_FORMAT = "dwarf-with-dsym";
				ENABLE_NS_ASSERTIONS = NO;
				ENABLE_STRICT_OBJC_MSGSEND = YES;
				GCC_C_LANGUAGE_STANDARD = gnu11;
				GCC_NO_COMMON_BLOCKS = YES;
				GCC_WARN_64_TO_32_BIT_CONVERSION = YES;
				GCC_WARN_ABOUT_RETURN_TYPE = YES_ERROR;
				GCC_WARN_UNDECLARED_SELECTOR = YES;
				GCC_WARN_UNINITIALIZED_AUTOS = YES_AGGRESSIVE;
				GCC_WARN_UNUSED_FUNCTION = YES;
				GCC_WARN_UNUSED_VARIABLE = YES;
				IPHONEOS_DEPLOYMENT_TARGET = 11.3;
				MTL_ENABLE_DEBUG_INFO = NO;
				SDKROOT = iphoneos;
				SWIFT_COMPILATION_MODE = wholemodule;
				SWIFT_OPTIMIZATION_LEVEL = "-O";
				VALIDATE_PRODUCT = YES;
			};
			name = Release;
		};
		AB8BD24E20B3E7E4001737F7 /* Debug */ = {
			isa = XCBuildConfiguration;
			buildSettings = {
				ASSETCATALOG_COMPILER_APPICON_NAME = AppIcon;
				CODE_SIGN_STYLE = Automatic;
				INFOPLIST_FILE = TableViewExercise/Info.plist;
				LD_RUNPATH_SEARCH_PATHS = (
					"$(inherited)",
					"@executable_path/Frameworks",
				);
				PRODUCT_BUNDLE_IDENTIFIER = vinsol.TableViewExercise;
				PRODUCT_NAME = "$(TARGET_NAME)";
				SWIFT_VERSION = 4.0;
				TARGETED_DEVICE_FAMILY = "1,2";
			};
			name = Debug;
		};
		AB8BD24F20B3E7E4001737F7 /* Release */ = {
			isa = XCBuildConfiguration;
			buildSettings = {
				ASSETCATALOG_COMPILER_APPICON_NAME = AppIcon;
				CODE_SIGN_STYLE = Automatic;
				INFOPLIST_FILE = TableViewExercise/Info.plist;
				LD_RUNPATH_SEARCH_PATHS = (
					"$(inherited)",
					"@executable_path/Frameworks",
				);
				PRODUCT_BUNDLE_IDENTIFIER = vinsol.TableViewExercise;
				PRODUCT_NAME = "$(TARGET_NAME)";
				SWIFT_VERSION = 4.0;
				TARGETED_DEVICE_FAMILY = "1,2";
			};
			name = Release;
		};
/* End XCBuildConfiguration section */

/* Begin XCConfigurationList section */
		AB8BD23620B3E7E3001737F7 /* Build configuration list for PBXProject "TableViewExercise" */ = {
			isa = XCConfigurationList;
			buildConfigurations = (
				AB8BD24B20B3E7E4001737F7 /* Debug */,
				AB8BD24C20B3E7E4001737F7 /* Release */,
			);
			defaultConfigurationIsVisible = 0;
			defaultConfigurationName = Release;
		};
		AB8BD24D20B3E7E4001737F7 /* Build configuration list for PBXNativeTarget "TableViewExercise" */ = {
			isa = XCConfigurationList;
			buildConfigurations = (
				AB8BD24E20B3E7E4001737F7 /* Debug */,
				AB8BD24F20B3E7E4001737F7 /* Release */,
			);
			defaultConfigurationIsVisible = 0;
			defaultConfigurationName = Release;
		};
/* End XCConfigurationList section */
	};
	rootObject = AB8BD23320B3E7E3001737F7 /* Project object */;
}
